
Microsoft Visual Studio Solution File, Format Version 12.00
# Visual Studio 15
VisualStudioVersion = 15.0.26430.16
MinimumVisualStudioVersion = 10.0.40219.1
Project("{FAE04EC0-301F-11D3-BF4B-00C04F79EFBC}") = "SixNet_GUI", "SixNet\SixNet_GUI.csproj", "{6ED9F769-B366-4D4E-90DA-E0D2B16F6580}"
	ProjectSection(ProjectDependencies) = postProject
		{8BBAC13C-5019-4174-95B3-2668682D2313} = {8BBAC13C-5019-4174-95B3-2668682D2313}
		{91649249-5E3E-47B3-9925-762267BED38F} = {91649249-5E3E-47B3-9925-762267BED38F}
		{A96AAE6A-DCAE-47B0-BF9C-F0E5EDE83A06} = {A96AAE6A-DCAE-47B0-BF9C-F0E5EDE83A06}
		{273458BA-46CB-4C65-8F97-B8FC0497708E} = {273458BA-46CB-4C65-8F97-B8FC0497708E}
	EndProjectSection
EndProject
Project("{FAE04EC0-301F-11D3-BF4B-00C04F79EFBC}") = "SixNet_BBS", "SixNet_Common\SixNet_BBS.csproj", "{B67DE77E-6DA8-4DD4-BE13-4361169DA5CC}"
EndProject
Project("{FAE04EC0-301F-11D3-BF4B-00C04F79EFBC}") = "PFile_Empire", "PFile_Empire\PFile_Empire.csproj", "{273458BA-46CB-4C65-8F97-B8FC0497708E}"
EndProject
Project("{FAE04EC0-301F-11D3-BF4B-00C04F79EFBC}") = "PFile_Dopewars", "PFile_Dopewars\PFile_Dopewars.csproj", "{91649249-5E3E-47B3-9925-762267BED38F}"
EndProject
Project("{FAE04EC0-301F-11D3-BF4B-00C04F79EFBC}") = "SixNet_Comm", "SixNet_Comm\SixNet_Comm.csproj", "{775EF877-29EC-4064-84DF-DABF1D39BDC0}"
EndProject
Project("{FAE04EC0-301F-11D3-BF4B-00C04F79EFBC}") = "SixNet_Logger", "SixNet_Logger\SixNet_Logger.csproj", "{95E92DA1-8EF0-4EC1-B72C-48487B5C528C}"
EndProject
Project("{FAE04EC0-301F-11D3-BF4B-00C04F79EFBC}") = "SixNet_BBS_Data", "SixNet_BBS_Data\SixNet_BBS_Data.csproj", "{705D3DAC-C065-4963-9E59-4E8C251BE1EC}"
EndProject
Project("{FAE04EC0-301F-11D3-BF4B-00C04F79EFBC}") = "SixNet_StringUtils", "SixNet_StringUtils\SixNet_StringUtils.csproj", "{8BBAC13C-5019-4174-95B3-2668682D2313}"
EndProject
Project("{FAE04EC0-301F-11D3-BF4B-00C04F79EFBC}") = "SixNet_IRC", "SixNet_IRC\SixNet_IRC.csproj", "{A96AAE6A-DCAE-47B0-BF9C-F0E5EDE83A06}"
EndProject
Project("{2150E333-8FDC-42A3-9474-1A3956D46DE8}") = "Solution Items", "Solution Items", "{11818732-B1D7-4041-81AB-83FEDDCD6F0E}"
	ProjectSection(SolutionItems) = preProject
		.gitignore = .gitignore
		createDatabase.sql = createDatabase.sql
	EndProjectSection
EndProject
Global
	GlobalSection(SolutionConfigurationPlatforms) = preSolution
		Debug|Any CPU = Debug|Any CPU
		Debug|x86 = Debug|x86
		Release|Any CPU = Release|Any CPU
		Release|x86 = Release|x86
	EndGlobalSection
	GlobalSection(ProjectConfigurationPlatforms) = postSolution
		{6ED9F769-B366-4D4E-90DA-E0D2B16F6580}.Debug|Any CPU.ActiveCfg = Debug|Any CPU
		{6ED9F769-B366-4D4E-90DA-E0D2B16F6580}.Debug|Any CPU.Build.0 = Debug|Any CPU
		{6ED9F769-B366-4D4E-90DA-E0D2B16F6580}.Debug|x86.ActiveCfg = Debug|Any CPU
		{6ED9F769-B366-4D4E-90DA-E0D2B16F6580}.Debug|x86.Build.0 = Debug|Any CPU
		{6ED9F769-B366-4D4E-90DA-E0D2B16F6580}.Release|Any CPU.ActiveCfg = Release|Any CPU
		{6ED9F769-B366-4D4E-90DA-E0D2B16F6580}.Release|Any CPU.Build.0 = Release|Any CPU
		{6ED9F769-B366-4D4E-90DA-E0D2B16F6580}.Release|x86.ActiveCfg = Release|Any CPU
		{B67DE77E-6DA8-4DD4-BE13-4361169DA5CC}.Debug|Any CPU.ActiveCfg = Debug|Any CPU
		{B67DE77E-6DA8-4DD4-BE13-4361169DA5CC}.Debug|Any CPU.Build.0 = Debug|Any CPU
		{B67DE77E-6DA8-4DD4-BE13-4361169DA5CC}.Debug|x86.ActiveCfg = Debug|Any CPU
		{B67DE77E-6DA8-4DD4-BE13-4361169DA5CC}.Debug|x86.Build.0 = Debug|Any CPU
		{B67DE77E-6DA8-4DD4-BE13-4361169DA5CC}.Release|Any CPU.ActiveCfg = Release|Any CPU
		{B67DE77E-6DA8-4DD4-BE13-4361169DA5CC}.Release|Any CPU.Build.0 = Release|Any CPU
		{B67DE77E-6DA8-4DD4-BE13-4361169DA5CC}.Release|x86.ActiveCfg = Release|x86
		{B67DE77E-6DA8-4DD4-BE13-4361169DA5CC}.Release|x86.Build.0 = Release|x86
		{273458BA-46CB-4C65-8F97-B8FC0497708E}.Debug|Any CPU.ActiveCfg = Debug|Any CPU
		{273458BA-46CB-4C65-8F97-B8FC0497708E}.Debug|Any CPU.Build.0 = Debug|Any CPU
		{273458BA-46CB-4C65-8F97-B8FC0497708E}.Debug|x86.ActiveCfg = Debug|Any CPU
		{273458BA-46CB-4C65-8F97-B8FC0497708E}.Debug|x86.Build.0 = Debug|Any CPU
		{273458BA-46CB-4C65-8F97-B8FC0497708E}.Release|Any CPU.ActiveCfg = Release|Any CPU
		{273458BA-46CB-4C65-8F97-B8FC0497708E}.Release|Any CPU.Build.0 = Release|Any CPU
		{273458BA-46CB-4C65-8F97-B8FC0497708E}.Release|x86.ActiveCfg = Release|Any CPU
		{91649249-5E3E-47B3-9925-762267BED38F}.Debug|Any CPU.ActiveCfg = Debug|Any CPU
		{91649249-5E3E-47B3-9925-762267BED38F}.Debug|Any CPU.Build.0 = Debug|Any CPU
		{91649249-5E3E-47B3-9925-762267BED38F}.Debug|x86.ActiveCfg = Debug|Any CPU
		{91649249-5E3E-47B3-9925-762267BED38F}.Debug|x86.Build.0 = Debug|Any CPU
		{91649249-5E3E-47B3-9925-762267BED38F}.Release|Any CPU.ActiveCfg = Release|Any CPU
		{91649249-5E3E-47B3-9925-762267BED38F}.Release|Any CPU.Build.0 = Release|Any CPU
		{91649249-5E3E-47B3-9925-762267BED38F}.Release|x86.ActiveCfg = Release|Any CPU
		{775EF877-29EC-4064-84DF-DABF1D39BDC0}.Debug|Any CPU.ActiveCfg = Debug|Any CPU
		{775EF877-29EC-4064-84DF-DABF1D39BDC0}.Debug|Any CPU.Build.0 = Debug|Any CPU
		{775EF877-29EC-4064-84DF-DABF1D39BDC0}.Debug|x86.ActiveCfg = Debug|Any CPU
		{775EF877-29EC-4064-84DF-DABF1D39BDC0}.Debug|x86.Build.0 = Debug|Any CPU
		{775EF877-29EC-4064-84DF-DABF1D39BDC0}.Release|Any CPU.ActiveCfg = Release|Any CPU
		{775EF877-29EC-4064-84DF-DABF1D39BDC0}.Release|Any CPU.Build.0 = Release|Any CPU
		{775EF877-29EC-4064-84DF-DABF1D39BDC0}.Release|x86.ActiveCfg = Release|Any CPU
		{95E92DA1-8EF0-4EC1-B72C-48487B5C528C}.Debug|Any CPU.ActiveCfg = Debug|Any CPU
		{95E92DA1-8EF0-4EC1-B72C-48487B5C528C}.Debug|Any CPU.Build.0 = Debug|Any CPU
		{95E92DA1-8EF0-4EC1-B72C-48487B5C528C}.Debug|x86.ActiveCfg = Debug|Any CPU
		{95E92DA1-8EF0-4EC1-B72C-48487B5C528C}.Debug|x86.Build.0 = Debug|Any CPU
		{95E92DA1-8EF0-4EC1-B72C-48487B5C528C}.Release|Any CPU.ActiveCfg = Release|Any CPU
		{95E92DA1-8EF0-4EC1-B72C-48487B5C528C}.Release|Any CPU.Build.0 = Release|Any CPU
		{95E92DA1-8EF0-4EC1-B72C-48487B5C528C}.Release|x86.ActiveCfg = Release|Any CPU
		{705D3DAC-C065-4963-9E59-4E8C251BE1EC}.Debug|Any CPU.ActiveCfg = Debug|Any CPU
		{705D3DAC-C065-4963-9E59-4E8C251BE1EC}.Debug|Any CPU.Build.0 = Debug|Any CPU
		{705D3DAC-C065-4963-9E59-4E8C251BE1EC}.Debug|x86.ActiveCfg = Debug|Any CPU
		{705D3DAC-C065-4963-9E59-4E8C251BE1EC}.Debug|x86.Build.0 = Debug|Any CPU
		{705D3DAC-C065-4963-9E59-4E8C251BE1EC}.Release|Any CPU.ActiveCfg = Release|Any CPU
		{705D3DAC-C065-4963-9E59-4E8C251BE1EC}.Release|Any CPU.Build.0 = Release|Any CPU
		{705D3DAC-C065-4963-9E59-4E8C251BE1EC}.Release|x86.ActiveCfg = Release|Any CPU
		{8BBAC13C-5019-4174-95B3-2668682D2313}.Debug|Any CPU.ActiveCfg = Debug|Any CPU
		{8BBAC13C-5019-4174-95B3-2668682D2313}.Debug|Any CPU.Build.0 = Debug|Any CPU
		{8BBAC13C-5019-4174-95B3-2668682D2313}.Debug|x86.ActiveCfg = Debug|Any CPU
		{8BBAC13C-5019-4174-95B3-2668682D2313}.Debug|x86.Build.0 = Debug|Any CPU
		{8BBAC13C-5019-4174-95B3-2668682D2313}.Release|Any CPU.ActiveCfg = Release|Any CPU
		{8BBAC13C-5019-4174-95B3-2668682D2313}.Release|Any CPU.Build.0 = Release|Any CPU
		{8BBAC13C-5019-4174-95B3-2668682D2313}.Release|x86.ActiveCfg = Release|Any CPU
		{A96AAE6A-DCAE-47B0-BF9C-F0E5EDE83A06}.Debug|Any CPU.ActiveCfg = Debug|Any CPU
		{A96AAE6A-DCAE-47B0-BF9C-F0E5EDE83A06}.Debug|Any CPU.Build.0 = Debug|Any CPU
		{A96AAE6A-DCAE-47B0-BF9C-F0E5EDE83A06}.Debug|x86.ActiveCfg = Debug|Any CPU
		{A96AAE6A-DCAE-47B0-BF9C-F0E5EDE83A06}.Debug|x86.Build.0 = Debug|Any CPU
		{A96AAE6A-DCAE-47B0-BF9C-F0E5EDE83A06}.Release|Any CPU.ActiveCfg = Release|Any CPU
		{A96AAE6A-DCAE-47B0-BF9C-F0E5EDE83A06}.Release|Any CPU.Build.0 = Release|Any CPU
		{A96AAE6A-DCAE-47B0-BF9C-F0E5EDE83A06}.Release|x86.ActiveCfg = Release|Any CPU
	EndGlobalSection
	GlobalSection(SolutionProperties) = preSolution
		HideSolutionNode = FALSE
	EndGlobalSection
EndGlobal
